
Microsoft Visual Studio Solution File, Format Version 12.00
# Visual Studio 15
VisualStudioVersion = 15.0.28307.168
MinimumVisualStudioVersion = 10.0.40219.1
Project("{9A19103F-16F7-4668-BE54-9A1E7A4F7556}") = "DotnetEFRazorCompSSR.Server", "DotnetEFRazorCompSSR.Server\DotnetEFRazorCompSSR.Server.csproj", "{7133EEA6-83C2-4DCB-ADCD-C1A48D1EDA07}"
EndProject
Project("{9A19103F-16F7-4668-BE54-9A1E7A4F7556}") = "DotnetEFRazorCompSSR.App", "DotnetEFRazorCompSSR.App\DotnetEFRazorCompSSR.App.csproj", "{2D7015DE-794A-410D-96E1-80FAAE16F8D2}"
EndProject
Project("{FAE04EC0-301F-11D3-BF4B-00C04F79EFBC}") = "DotnetEFRazorCompSSR.Tests", "DotnetEFRazorCompSSR.Tests\DotnetEFRazorCompSSR.Tests.csproj", "{ACDC7C68-A781-43AE-9530-03727E947014}"
EndProject
Global
	GlobalSection(SolutionConfigurationPlatforms) = preSolution
		Debug|Any CPU = Debug|Any CPU
		Release|Any CPU = Release|Any CPU
	EndGlobalSection
	GlobalSection(ProjectConfigurationPlatforms) = postSolution
		{7133EEA6-83C2-4DCB-ADCD-C1A48D1EDA07}.Debug|Any CPU.ActiveCfg = Debug|Any CPU
		{7133EEA6-83C2-4DCB-ADCD-C1A48D1EDA07}.Debug|Any CPU.Build.0 = Debug|Any CPU
		{7133EEA6-83C2-4DCB-ADCD-C1A48D1EDA07}.Release|Any CPU.ActiveCfg = Release|Any CPU
		{7133EEA6-83C2-4DCB-ADCD-C1A48D1EDA07}.Release|Any CPU.Build.0 = Release|Any CPU
		{2D7015DE-794A-410D-96E1-80FAAE16F8D2}.Debug|Any CPU.ActiveCfg = Debug|Any CPU
		{2D7015DE-794A-410D-96E1-80FAAE16F8D2}.Debug|Any CPU.Build.0 = Debug|Any CPU
		{2D7015DE-794A-410D-96E1-80FAAE16F8D2}.Release|Any CPU.ActiveCfg = Release|Any CPU
		{2D7015DE-794A-410D-96E1-80FAAE16F8D2}.Release|Any CPU.Build.0 = Release|Any CPU
		{ACDC7C68-A781-43AE-9530-03727E947014}.Debug|Any CPU.ActiveCfg = Debug|Any CPU
		{ACDC7C68-A781-43AE-9530-03727E947014}.Debug|Any CPU.Build.0 = Debug|Any CPU
		{ACDC7C68-A781-43AE-9530-03727E947014}.Release|Any CPU.ActiveCfg = Release|Any CPU
		{ACDC7C68-A781-43AE-9530-03727E947014}.Release|Any CPU.Build.0 = Release|Any CPU
	EndGlobalSection
	GlobalSection(SolutionProperties) = preSolution
		HideSolutionNode = FALSE
	EndGlobalSection
	GlobalSection(ExtensibilityGlobals) = postSolution
		SolutionGuid = {42BEE8EE-F0E5-4DD1-B224-A250C79404B0}
	EndGlobalSection
EndGlobal
